
Microsoft Visual Studio Solution File, Format Version 12.00
# Visual Studio Version 17
VisualStudioVersion = 17.0.31903.59
MinimumVisualStudioVersion = 10.0.40219.1
Project("{2150E333-8FDC-42A3-9474-1A3956D46DE8}") = "src", "src", "{827E0CD3-B72D-47B6-A68D-7590B98EB39B}"
EndProject
Project("{FAE04EC0-301F-11D3-BF4B-00C04F79EFBC}") = "CleanArchitectureApp.Domain", "src\CleanArchitectureApp.Domain\CleanArchitectureApp.Domain.csproj", "{7D406890-671D-4776-982E-CEA6766CC5A9}"
EndProject
Project("{FAE04EC0-301F-11D3-BF4B-00C04F79EFBC}") = "CleanArchitectureApp.Application", "src\CleanArchitectureApp.Application\CleanArchitectureApp.Application.csproj", "{B16A1634-780A-444A-94FF-3745775EAF88}"
EndProject
Project("{FAE04EC0-301F-11D3-BF4B-00C04F79EFBC}") = "CleanArchitectureApp.Infrastructure", "src\CleanArchitectureApp.Infrastructure\CleanArchitectureApp.Infrastructure.csproj", "{910F95D0-E5D3-4486-A008-389BB8D2D310}"
EndProject
Project("{FAE04EC0-301F-11D3-BF4B-00C04F79EFBC}") = "CleanArchitectureApp.Api", "src\CleanArchitectureApp.Api\CleanArchitectureApp.Api.csproj", "{127C7FC4-634C-448B-BBFB-9247B37C8999}"
EndProject
Project("{2150E333-8FDC-42A3-9474-1A3956D46DE8}") = "DatabaseScripts", "DatabaseScripts", "{02EA681E-C7D8-13C7-8484-4AC65E1B71E8}"
EndProject
Global
	GlobalSection(SolutionConfigurationPlatforms) = preSolution
		Debug|Any CPU = Debug|Any CPU
		Debug|x64 = Debug|x64
		Debug|x86 = Debug|x86
		Release|Any CPU = Release|Any CPU
		Release|x64 = Release|x64
		Release|x86 = Release|x86
	EndGlobalSection
	GlobalSection(ProjectConfigurationPlatforms) = postSolution
		{7D406890-671D-4776-982E-CEA6766CC5A9}.Debug|Any CPU.ActiveCfg = Debug|Any CPU
		{7D406890-671D-4776-982E-CEA6766CC5A9}.Debug|Any CPU.Build.0 = Debug|Any CPU
		{7D406890-671D-4776-982E-CEA6766CC5A9}.Debug|x64.ActiveCfg = Debug|Any CPU
		{7D406890-671D-4776-982E-CEA6766CC5A9}.Debug|x64.Build.0 = Debug|Any CPU
		{7D406890-671D-4776-982E-CEA6766CC5A9}.Debug|x86.ActiveCfg = Debug|Any CPU
		{7D406890-671D-4776-982E-CEA6766CC5A9}.Debug|x86.Build.0 = Debug|Any CPU
		{7D406890-671D-4776-982E-CEA6766CC5A9}.Release|Any CPU.ActiveCfg = Release|Any CPU
		{7D406890-671D-4776-982E-CEA6766CC5A9}.Release|Any CPU.Build.0 = Release|Any CPU
		{7D406890-671D-4776-982E-CEA6766CC5A9}.Release|x64.ActiveCfg = Release|Any CPU
		{7D406890-671D-4776-982E-CEA6766CC5A9}.Release|x64.Build.0 = Release|Any CPU
		{7D406890-671D-4776-982E-CEA6766CC5A9}.Release|x86.ActiveCfg = Release|Any CPU
		{7D406890-671D-4776-982E-CEA6766CC5A9}.Release|x86.Build.0 = Release|Any CPU
		{B16A1634-780A-444A-94FF-3745775EAF88}.Debug|Any CPU.ActiveCfg = Debug|Any CPU
		{B16A1634-780A-444A-94FF-3745775EAF88}.Debug|Any CPU.Build.0 = Debug|Any CPU
		{B16A1634-780A-444A-94FF-3745775EAF88}.Debug|x64.ActiveCfg = Debug|Any CPU
		{B16A1634-780A-444A-94FF-3745775EAF88}.Debug|x64.Build.0 = Debug|Any CPU
		{B16A1634-780A-444A-94FF-3745775EAF88}.Debug|x86.ActiveCfg = Debug|Any CPU
		{B16A1634-780A-444A-94FF-3745775EAF88}.Debug|x86.Build.0 = Debug|Any CPU
		{B16A1634-780A-444A-94FF-3745775EAF88}.Release|Any CPU.ActiveCfg = Release|Any CPU
		{B16A1634-780A-444A-94FF-3745775EAF88}.Release|Any CPU.Build.0 = Release|Any CPU
		{B16A1634-780A-444A-94FF-3745775EAF88}.Release|x64.ActiveCfg = Release|Any CPU
		{B16A1634-780A-444A-94FF-3745775EAF88}.Release|x64.Build.0 = Release|Any CPU
		{B16A1634-780A-444A-94FF-3745775EAF88}.Release|x86.ActiveCfg = Release|Any CPU
		{B16A1634-780A-444A-94FF-3745775EAF88}.Release|x86.Build.0 = Release|Any CPU
		{910F95D0-E5D3-4486-A008-389BB8D2D310}.Debug|Any CPU.ActiveCfg = Debug|Any CPU
		{910F95D0-E5D3-4486-A008-389BB8D2D310}.Debug|Any CPU.Build.0 = Debug|Any CPU
		{910F95D0-E5D3-4486-A008-389BB8D2D310}.Debug|x64.ActiveCfg = Debug|Any CPU
		{910F95D0-E5D3-4486-A008-389BB8D2D310}.Debug|x64.Build.0 = Debug|Any CPU
		{910F95D0-E5D3-4486-A008-389BB8D2D310}.Debug|x86.ActiveCfg = Debug|Any CPU
		{910F95D0-E5D3-4486-A008-389BB8D2D310}.Debug|x86.Build.0 = Debug|Any CPU
		{910F95D0-E5D3-4486-A008-389BB8D2D310}.Release|Any CPU.ActiveCfg = Release|Any CPU
		{910F95D0-E5D3-4486-A008-389BB8D2D310}.Release|Any CPU.Build.0 = Release|Any CPU
		{910F95D0-E5D3-4486-A008-389BB8D2D310}.Release|x64.ActiveCfg = Release|Any CPU
		{910F95D0-E5D3-4486-A008-389BB8D2D310}.Release|x64.Build.0 = Release|Any CPU
		{910F95D0-E5D3-4486-A008-389BB8D2D310}.Release|x86.ActiveCfg = Release|Any CPU
		{910F95D0-E5D3-4486-A008-389BB8D2D310}.Release|x86.Build.0 = Release|Any CPU
		{127C7FC4-634C-448B-BBFB-9247B37C8999}.Debug|Any CPU.ActiveCfg = Debug|Any CPU
		{127C7FC4-634C-448B-BBFB-9247B37C8999}.Debug|Any CPU.Build.0 = Debug|Any CPU
		{127C7FC4-634C-448B-BBFB-9247B37C8999}.Debug|x64.ActiveCfg = Debug|Any CPU
		{127C7FC4-634C-448B-BBFB-9247B37C8999}.Debug|x64.Build.0 = Debug|Any CPU
		{127C7FC4-634C-448B-BBFB-9247B37C8999}.Debug|x86.ActiveCfg = Debug|Any CPU
		{127C7FC4-634C-448B-BBFB-9247B37C8999}.Debug|x86.Build.0 = Debug|Any CPU
		{127C7FC4-634C-448B-BBFB-9247B37C8999}.Release|Any CPU.ActiveCfg = Release|Any CPU
		{127C7FC4-634C-448B-BBFB-9247B37C8999}.Release|Any CPU.Build.0 = Release|Any CPU
		{127C7FC4-634C-448B-BBFB-9247B37C8999}.Release|x64.ActiveCfg = Release|Any CPU
		{127C7FC4-634C-448B-BBFB-9247B37C8999}.Release|x64.Build.0 = Release|Any CPU
		{127C7FC4-634C-448B-BBFB-9247B37C8999}.Release|x86.ActiveCfg = Release|Any CPU
		{127C7FC4-634C-448B-BBFB-9247B37C8999}.Release|x86.Build.0 = Release|Any CPU
	EndGlobalSection
	GlobalSection(SolutionProperties) = preSolution
		HideSolutionNode = FALSE
	EndGlobalSection
	GlobalSection(NestedProjects) = preSolution
		{7D406890-671D-4776-982E-CEA6766CC5A9} = {827E0CD3-B72D-47B6-A68D-7590B98EB39B}
		{B16A1634-780A-444A-94FF-3745775EAF88} = {827E0CD3-B72D-47B6-A68D-7590B98EB39B}
		{910F95D0-E5D3-4486-A008-389BB8D2D310} = {827E0CD3-B72D-47B6-A68D-7590B98EB39B}
		{127C7FC4-634C-448B-BBFB-9247B37C8999} = {827E0CD3-B72D-47B6-A68D-7590B98EB39B}
	EndGlobalSection
	GlobalSection(ExtensibilityGlobals) = postSolution
		SolutionGuid = {D2C6B2CF-E18E-4054-8217-5B72B71B489F}
	EndGlobalSection
EndGlobal
